// !$*UTF8*$!
{
	archiveVersion = 1;
	classes = {
	};
	objectVersion = 56;
	objects = {

/* Begin PBXBuildFile section */
		76E508B12B84976600ACC152 /* AppDelegate.swift in Sources */ = {isa = PBXBuildFile; fileRef = 76E508B02B84976600ACC152 /* AppDelegate.swift */; };
		76E508B32B84976600ACC152 /* SceneDelegate.swift in Sources */ = {isa = PBXBuildFile; fileRef = 76E508B22B84976600ACC152 /* SceneDelegate.swift */; };
		76E508B52B84976600ACC152 /* ViewController.swift in Sources */ = {isa = PBXBuildFile; fileRef = 76E508B42B84976600ACC152 /* ViewController.swift */; };
		76E508B82B84976600ACC152 /* Main.storyboard in Resources */ = {isa = PBXBuildFile; fileRef = 76E508B62B84976600ACC152 /* Main.storyboard */; };
		76E508BA2B84976700ACC152 /* Assets.xcassets in Resources */ = {isa = PBXBuildFile; fileRef = 76E508B92B84976700ACC152 /* Assets.xcassets */; };
		76E508BD2B84976700ACC152 /* LaunchScreen.storyboard in Resources */ = {isa = PBXBuildFile; fileRef = 76E508BB2B84976700ACC152 /* LaunchScreen.storyboard */; };
		76E509232B849B4800ACC152 /* Question.swift in Sources */ = {isa = PBXBuildFile; fileRef = 76E509222B849B4800ACC152 /* Question.swift */; };
		76E509252B849B6500ACC152 /* QuestionGroup.swift in Sources */ = {isa = PBXBuildFile; fileRef = 76E509242B849B6500ACC152 /* QuestionGroup.swift */; };
		76E509272B849BCA00ACC152 /* QuestionGroupData.swift in Sources */ = {isa = PBXBuildFile; fileRef = 76E509262B849BCA00ACC152 /* QuestionGroupData.swift */; };
/* End PBXBuildFile section */

/* Begin PBXFileReference section */
		76E508AD2B84976600ACC152 /* RabbleWabble_final.app */ = {isa = PBXFileReference; explicitFileType = wrapper.application; includeInIndex = 0; path = RabbleWabble_final.app; sourceTree = BUILT_PRODUCTS_DIR; };
		76E508B02B84976600ACC152 /* AppDelegate.swift */ = {isa = PBXFileReference; lastKnownFileType = sourcecode.swift; path = AppDelegate.swift; sourceTree = "<group>"; };
		76E508B22B84976600ACC152 /* SceneDelegate.swift */ = {isa = PBXFileReference; lastKnownFileType = sourcecode.swift; path = SceneDelegate.swift; sourceTree = "<group>"; };
		76E508B42B84976600ACC152 /* ViewController.swift */ = {isa = PBXFileReference; lastKnownFileType = sourcecode.swift; path = ViewController.swift; sourceTree = "<group>"; };
		76E508B72B84976600ACC152 /* Base */ = {isa = PBXFileReference; lastKnownFileType = file.storyboard; name = Base; path = Base.lproj/Main.storyboard; sourceTree = "<group>"; };
		76E508B92B84976700ACC152 /* Assets.xcassets */ = {isa = PBXFileReference; lastKnownFileType = folder.assetcatalog; path = Assets.xcassets; sourceTree = "<group>"; };
		76E508BC2B84976700ACC152 /* Base */ = {isa = PBXFileReference; lastKnownFileType = file.storyboard; name = Base; path = Base.lproj/LaunchScreen.storyboard; sourceTree = "<group>"; };
		76E508BE2B84976700ACC152 /* Info.plist */ = {isa = PBXFileReference; lastKnownFileType = text.plist.xml; path = Info.plist; sourceTree = "<group>"; };
		76E509222B849B4800ACC152 /* Question.swift */ = {isa = PBXFileReference; lastKnownFileType = sourcecode.swift; path = Question.swift; sourceTree = "<group>"; };
		76E509242B849B6500ACC152 /* QuestionGroup.swift */ = {isa = PBXFileReference; lastKnownFileType = sourcecode.swift; path = QuestionGroup.swift; sourceTree = "<group>"; };
		76E509262B849BCA00ACC152 /* QuestionGroupData.swift */ = {isa = PBXFileReference; fileEncoding = 4; lastKnownFileType = sourcecode.swift; path = QuestionGroupData.swift; sourceTree = "<group>"; };
/* End PBXFileReference section */

/* Begin PBXFrameworksBuildPhase section */
		76E508AA2B84976600ACC152 /* Frameworks */ = {
			isa = PBXFrameworksBuildPhase;
			buildActionMask = 2147483647;
			files = (
			);
			runOnlyForDeploymentPostprocessing = 0;
		};
/* End PBXFrameworksBuildPhase section */

/* Begin PBXGroup section */
		76E508A42B84976600ACC152 = {
			isa = PBXGroup;
			children = (
				76E508AF2B84976600ACC152 /* RabbleWabble_final */,
				76E508AE2B84976600ACC152 /* Products */,
			);
			sourceTree = "<group>";
		};
		76E508AE2B84976600ACC152 /* Products */ = {
			isa = PBXGroup;
			children = (
				76E508AD2B84976600ACC152 /* RabbleWabble_final.app */,
			);
			name = Products;
			sourceTree = "<group>";
		};
		76E508AF2B84976600ACC152 /* RabbleWabble_final */ = {
			isa = PBXGroup;
			children = (
				76E509202B8499F000ACC152 /* Models */,
				76E5091F2B8499D700ACC152 /* Views */,
				76E5091E2B8499C600ACC152 /* Controllers */,
				76E5091D2B8499B700ACC152 /* AppDelegate */,
				76E509212B8499FD00ACC152 /* Resources */,
			);
			path = RabbleWabble_final;
			sourceTree = "<group>";
		};
		76E5091D2B8499B700ACC152 /* AppDelegate */ = {
			isa = PBXGroup;
			children = (
				76E508B02B84976600ACC152 /* AppDelegate.swift */,
				76E508B22B84976600ACC152 /* SceneDelegate.swift */,
			);
			path = AppDelegate;
			sourceTree = "<group>";
		};
		76E5091E2B8499C600ACC152 /* Controllers */ = {
			isa = PBXGroup;
			children = (
				76E508B42B84976600ACC152 /* ViewController.swift */,
			);
			path = Controllers;
			sourceTree = "<group>";
		};
		76E5091F2B8499D700ACC152 /* Views */ = {
			isa = PBXGroup;
			children = (
				76E508B62B84976600ACC152 /* Main.storyboard */,
				76E508BB2B84976700ACC152 /* LaunchScreen.storyboard */,
			);
			path = Views;
			sourceTree = "<group>";
		};
		76E509202B8499F000ACC152 /* Models */ = {
			isa = PBXGroup;
			children = (
				76E509222B849B4800ACC152 /* Question.swift */,
				76E509242B849B6500ACC152 /* QuestionGroup.swift */,
				76E509262B849BCA00ACC152 /* QuestionGroupData.swift */,
			);
			path = Models;
			sourceTree = "<group>";
		};
		76E509212B8499FD00ACC152 /* Resources */ = {
			isa = PBXGroup;
			children = (
				76E508B92B84976700ACC152 /* Assets.xcassets */,
				76E508BE2B84976700ACC152 /* Info.plist */,
			);
			path = Resources;
			sourceTree = "<group>";
		};
/* End PBXGroup section */

/* Begin PBXNativeTarget section */
		76E508AC2B84976600ACC152 /* RabbleWabble_final */ = {
			isa = PBXNativeTarget;
			buildConfigurationList = 76E508C12B84976700ACC152 /* Build configuration list for PBXNativeTarget "RabbleWabble_final" */;
			buildPhases = (
				76E508A92B84976600ACC152 /* Sources */,
				76E508AA2B84976600ACC152 /* Frameworks */,
				76E508AB2B84976600ACC152 /* Resources */,
			);
			buildRules = (
			);
			dependencies = (
			);
			name = RabbleWabble_final;
			productName = RabbleWabble_final;
			productReference = 76E508AD2B84976600ACC152 /* RabbleWabble_final.app */;
			productType = "com.apple.product-type.application";
		};
/* End PBXNativeTarget section */

/* Begin PBXProject section */
		76E508A52B84976600ACC152 /* Project object */ = {
			isa = PBXProject;
			attributes = {
				BuildIndependentTargetsInParallel = 1;
				LastSwiftUpdateCheck = 1520;
				LastUpgradeCheck = 1520;
				TargetAttributes = {
					76E508AC2B84976600ACC152 = {
						CreatedOnToolsVersion = 15.2;
					};
				};
			};
			buildConfigurationList = 76E508A82B84976600ACC152 /* Build configuration list for PBXProject "RabbleWabble_final" */;
			compatibilityVersion = "Xcode 14.0";
			developmentRegion = en;
			hasScannedForEncodings = 0;
			knownRegions = (
				en,
				Base,
			);
			mainGroup = 76E508A42B84976600ACC152;
			productRefGroup = 76E508AE2B84976600ACC152 /* Products */;
			projectDirPath = "";
			projectRoot = "";
			targets = (
				76E508AC2B84976600ACC152 /* RabbleWabble_final */,
			);
		};
/* End PBXProject section */

/* Begin PBXResourcesBuildPhase section */
		76E508AB2B84976600ACC152 /* Resources */ = {
			isa = PBXResourcesBuildPhase;
			buildActionMask = 2147483647;
			files = (
				76E508BD2B84976700ACC152 /* LaunchScreen.storyboard in Resources */,
				76E508BA2B84976700ACC152 /* Assets.xcassets in Resources */,
				76E508B82B84976600ACC152 /* Main.storyboard in Resources */,
			);
			runOnlyForDeploymentPostprocessing = 0;
		};
/* End PBXResourcesBuildPhase section */

/* Begin PBXSourcesBuildPhase section */
		76E508A92B84976600ACC152 /* Sources */ = {
			isa = PBXSourcesBuildPhase;
			buildActionMask = 2147483647;
			files = (
				76E508B52B84976600ACC152 /* ViewController.swift in Sources */,
				76E509232B849B4800ACC152 /* Question.swift in Sources */,
				76E508B12B84976600ACC152 /* AppDelegate.swift in Sources */,
				76E509272B849BCA00ACC152 /* QuestionGroupData.swift in Sources */,
				76E509252B849B6500ACC152 /* QuestionGroup.swift in Sources */,
				76E508B32B84976600ACC152 /* SceneDelegate.swift in Sources */,
			);
			runOnlyForDeploymentPostprocessing = 0;
		};
/* End PBXSourcesBuildPhase section */

/* Begin PBXVariantGroup section */
		76E508B62B84976600ACC152 /* Main.storyboard */ = {
			isa = PBXVariantGroup;
			children = (
				76E508B72B84976600ACC152 /* Base */,
			);
			name = Main.storyboard;
			sourceTree = "<group>";
		};
		76E508BB2B84976700ACC152 /* LaunchScreen.storyboard */ = {
			isa = PBXVariantGroup;
			children = (
				76E508BC2B84976700ACC152 /* Base */,
			);
			name = LaunchScreen.storyboard;
			sourceTree = "<group>";
		};
/* End PBXVariantGroup section */

/* Begin XCBuildConfiguration section */
		76E508BF2B84976700ACC152 /* Debug */ = {
			isa = XCBuildConfiguration;
			buildSettings = {
				ALWAYS_SEARCH_USER_PATHS = NO;
				ASSETCATALOG_COMPILER_GENERATE_SWIFT_ASSET_SYMBOL_EXTENSIONS = YES;
				CLANG_ANALYZER_NONNULL = YES;
				CLANG_ANALYZER_NUMBER_OBJECT_CONVERSION = YES_AGGRESSIVE;
				CLANG_CXX_LANGUAGE_STANDARD = "gnu++20";
				CLANG_ENABLE_MODULES = YES;
				CLANG_ENABLE_OBJC_ARC = YES;
				CLANG_ENABLE_OBJC_WEAK = YES;
				CLANG_WARN_BLOCK_CAPTURE_AUTORELEASING = YES;
				CLANG_WARN_BOOL_CONVERSION = YES;
				CLANG_WARN_COMMA = YES;
				CLANG_WARN_CONSTANT_CONVERSION = YES;
				CLANG_WARN_DEPRECATED_OBJC_IMPLEMENTATIONS = YES;
				CLANG_WARN_DIRECT_OBJC_ISA_USAGE = YES_ERROR;
				CLANG_WARN_DOCUMENTATION_COMMENTS = YES;
				CLANG_WARN_EMPTY_BODY = YES;
				CLANG_WARN_ENUM_CONVERSION = YES;
				CLANG_WARN_INFINITE_RECURSION = YES;
				CLANG_WARN_INT_CONVERSION = YES;
				CLANG_WARN_NON_LITERAL_NULL_CONVERSION = YES;
				CLANG_WARN_OBJC_IMPLICIT_RETAIN_SELF = YES;
				CLANG_WARN_OBJC_LITERAL_CONVERSION = YES;
				CLANG_WARN_OBJC_ROOT_CLASS = YES_ERROR;
				CLANG_WARN_QUOTED_INCLUDE_IN_FRAMEWORK_HEADER = YES;
				CLANG_WARN_RANGE_LOOP_ANALYSIS = YES;
				CLANG_WARN_STRICT_PROTOTYPES = YES;
				CLANG_WARN_SUSPICIOUS_MOVE = YES;
				CLANG_WARN_UNGUARDED_AVAILABILITY = YES_AGGRESSIVE;
				CLANG_WARN_UNREACHABLE_CODE = YES;
				CLANG_WARN__DUPLICATE_METHOD_MATCH = YES;
				COPY_PHASE_STRIP = NO;
				DEBUG_INFORMATION_FORMAT = dwarf;
				ENABLE_STRICT_OBJC_MSGSEND = YES;
				ENABLE_TESTABILITY = YES;
				ENABLE_USER_SCRIPT_SANDBOXING = YES;
				GCC_C_LANGUAGE_STANDARD = gnu17;
				GCC_DYNAMIC_NO_PIC = NO;
				GCC_NO_COMMON_BLOCKS = YES;
				GCC_OPTIMIZATION_LEVEL = 0;
				GCC_PREPROCESSOR_DEFINITIONS = (
					"DEBUG=1",
					"$(inherited)",
				);
				GCC_WARN_64_TO_32_BIT_CONVERSION = YES;
				GCC_WARN_ABOUT_RETURN_TYPE = YES_ERROR;
				GCC_WARN_UNDECLARED_SELECTOR = YES;
				GCC_WARN_UNINITIALIZED_AUTOS = YES_AGGRESSIVE;
				GCC_WARN_UNUSED_FUNCTION = YES;
				GCC_WARN_UNUSED_VARIABLE = YES;
				IPHONEOS_DEPLOYMENT_TARGET = 17.2;
				LOCALIZATION_PREFERS_STRING_CATALOGS = YES;
				MTL_ENABLE_DEBUG_INFO = INCLUDE_SOURCE;
				MTL_FAST_MATH = YES;
				ONLY_ACTIVE_ARCH = YES;
				SDKROOT = iphoneos;
				SWIFT_ACTIVE_COMPILATION_CONDITIONS = "DEBUG $(inherited)";
				SWIFT_OPTIMIZATION_LEVEL = "-Onone";
			};
			name = Debug;
		};
		76E508C02B84976700ACC152 /* Release */ = {
			isa = XCBuildConfiguration;
			buildSettings = {
				ALWAYS_SEARCH_USER_PATHS = NO;
				ASSETCATALOG_COMPILER_GENERATE_SWIFT_ASSET_SYMBOL_EXTENSIONS = YES;
				CLANG_ANALYZER_NONNULL = YES;
				CLANG_ANALYZER_NUMBER_OBJECT_CONVERSION = YES_AGGRESSIVE;
				CLANG_CXX_LANGUAGE_STANDARD = "gnu++20";
				CLANG_ENABLE_MODULES = YES;
				CLANG_ENABLE_OBJC_ARC = YES;
				CLANG_ENABLE_OBJC_WEAK = YES;
				CLANG_WARN_BLOCK_CAPTURE_AUTORELEASING = YES;
				CLANG_WARN_BOOL_CONVERSION = YES;
				CLANG_WARN_COMMA = YES;
				CLANG_WARN_CONSTANT_CONVERSION = YES;
				CLANG_WARN_DEPRECATED_OBJC_IMPLEMENTATIONS = YES;
				CLANG_WARN_DIRECT_OBJC_ISA_USAGE = YES_ERROR;
				CLANG_WARN_DOCUMENTATION_COMMENTS = YES;
				CLANG_WARN_EMPTY_BODY = YES;
				CLANG_WARN_ENUM_CONVERSION = YES;
				CLANG_WARN_INFINITE_RECURSION = YES;
				CLANG_WARN_INT_CONVERSION = YES;
				CLANG_WARN_NON_LITERAL_NULL_CONVERSION = YES;
				CLANG_WARN_OBJC_IMPLICIT_RETAIN_SELF = YES;
				CLANG_WARN_OBJC_LITERAL_CONVERSION = YES;
				CLANG_WARN_OBJC_ROOT_CLASS = YES_ERROR;
				CLANG_WARN_QUOTED_INCLUDE_IN_FRAMEWORK_HEADER = YES;
				CLANG_WARN_RANGE_LOOP_ANALYSIS = YES;
				CLANG_WARN_STRICT_PROTOTYPES = YES;
				CLANG_WARN_SUSPICIOUS_MOVE = YES;
				CLANG_WARN_UNGUARDED_AVAILABILITY = YES_AGGRESSIVE;
				CLANG_WARN_UNREACHABLE_CODE = YES;
				CLANG_WARN__DUPLICATE_METHOD_MATCH = YES;
				COPY_PHASE_STRIP = NO;
				DEBUG_INFORMATION_FORMAT = "dwarf-with-dsym";
				ENABLE_NS_ASSERTIONS = NO;
				ENABLE_STRICT_OBJC_MSGSEND = YES;
				ENABLE_USER_SCRIPT_SANDBOXING = YES;
				GCC_C_LANGUAGE_STANDARD = gnu17;
				GCC_NO_COMMON_BLOCKS = YES;
				GCC_WARN_64_TO_32_BIT_CONVERSION = YES;
				GCC_WARN_ABOUT_RETURN_TYPE = YES_ERROR;
				GCC_WARN_UNDECLARED_SELECTOR = YES;
				GCC_WARN_UNINITIALIZED_AUTOS = YES_AGGRESSIVE;
				GCC_WARN_UNUSED_FUNCTION = YES;
				GCC_WARN_UNUSED_VARIABLE = YES;
				IPHONEOS_DEPLOYMENT_TARGET = 17.2;
				LOCALIZATION_PREFERS_STRING_CATALOGS = YES;
				MTL_ENABLE_DEBUG_INFO = NO;
				MTL_FAST_MATH = YES;
				SDKROOT = iphoneos;
				SWIFT_COMPILATION_MODE = wholemodule;
				VALIDATE_PRODUCT = YES;
			};
			name = Release;
		};
		76E508C22B84976700ACC152 /* Debug */ = {
			isa = XCBuildConfiguration;
			buildSettings = {
				ASSETCATALOG_COMPILER_APPICON_NAME = AppIcon;
				ASSETCATALOG_COMPILER_GLOBAL_ACCENT_COLOR_NAME = AccentColor;
				CODE_SIGN_STYLE = Automatic;
				CURRENT_PROJECT_VERSION = 1;
				DEVELOPMENT_TEAM = L6LMBZLKC4;
				GENERATE_INFOPLIST_FILE = YES;
				INFOPLIST_FILE = RabbleWabble_final/Resources/Info.plist;
				INFOPLIST_KEY_UIApplicationSupportsIndirectInputEvents = YES;
				INFOPLIST_KEY_UILaunchStoryboardName = LaunchScreen;
				INFOPLIST_KEY_UIMainStoryboardFile = Main;
				INFOPLIST_KEY_UISupportedInterfaceOrientations_iPad = "UIInterfaceOrientationPortrait UIInterfaceOrientationPortraitUpsideDown UIInterfaceOrientationLandscapeLeft UIInterfaceOrientationLandscapeRight";
				INFOPLIST_KEY_UISupportedInterfaceOrientations_iPhone = "UIInterfaceOrientationPortrait UIInterfaceOrientationLandscapeLeft UIInterfaceOrientationLandscapeRight";
				LD_RUNPATH_SEARCH_PATHS = (
					"$(inherited)",
					"@executable_path/Frameworks",
				);
				MARKETING_VERSION = 1.0;
				PRODUCT_BUNDLE_IDENTIFIER = "RabbleWabble-final";
				PRODUCT_NAME = "$(TARGET_NAME)";
				SWIFT_EMIT_LOC_STRINGS = YES;
				SWIFT_VERSION = 5.0;
				TARGETED_DEVICE_FAMILY = "1,2";
			};
			name = Debug;
		};
		76E508C32B84976700ACC152 /* Release */ = {
			isa = XCBuildConfiguration;
			buildSettings = {
				ASSETCATALOG_COMPILER_APPICON_NAME = AppIcon;
				ASSETCATALOG_COMPILER_GLOBAL_ACCENT_COLOR_NAME = AccentColor;
				CODE_SIGN_STYLE = Automatic;
				CURRENT_PROJECT_VERSION = 1;
				DEVELOPMENT_TEAM = L6LMBZLKC4;
				GENERATE_INFOPLIST_FILE = YES;
				INFOPLIST_FILE = RabbleWabble_final/Resources/Info.plist;
				INFOPLIST_KEY_UIApplicationSupportsIndirectInputEvents = YES;
				INFOPLIST_KEY_UILaunchStoryboardName = LaunchScreen;
				INFOPLIST_KEY_UIMainStoryboardFile = Main;
				INFOPLIST_KEY_UISupportedInterfaceOrientations_iPad = "UIInterfaceOrientationPortrait UIInterfaceOrientationPortraitUpsideDown UIInterfaceOrientationLandscapeLeft UIInterfaceOrientationLandscapeRight";
				INFOPLIST_KEY_UISupportedInterfaceOrientations_iPhone = "UIInterfaceOrientationPortrait UIInterfaceOrientationLandscapeLeft UIInterfaceOrientationLandscapeRight";
				LD_RUNPATH_SEARCH_PATHS = (
					"$(inherited)",
					"@executable_path/Frameworks",
				);
				MARKETING_VERSION = 1.0;
				PRODUCT_BUNDLE_IDENTIFIER = "RabbleWabble-final";
				PRODUCT_NAME = "$(TARGET_NAME)";
				SWIFT_EMIT_LOC_STRINGS = YES;
				SWIFT_VERSION = 5.0;
				TARGETED_DEVICE_FAMILY = "1,2";
			};
			name = Release;
		};
/* End XCBuildConfiguration section */

/* Begin XCConfigurationList section */
		76E508A82B84976600ACC152 /* Build configuration list for PBXProject "RabbleWabble_final" */ = {
			isa = XCConfigurationList;
			buildConfigurations = (
				76E508BF2B84976700ACC152 /* Debug */,
				76E508C02B84976700ACC152 /* Release */,
			);
			defaultConfigurationIsVisible = 0;
			defaultConfigurationName = Release;
		};
		76E508C12B84976700ACC152 /* Build configuration list for PBXNativeTarget "RabbleWabble_final" */ = {
			isa = XCConfigurationList;
			buildConfigurations = (
				76E508C22B84976700ACC152 /* Debug */,
				76E508C32B84976700ACC152 /* Release */,
			);
			defaultConfigurationIsVisible = 0;
			defaultConfigurationName = Release;
		};
/* End XCConfigurationList section */
	};
	rootObject = 76E508A52B84976600ACC152 /* Project object */;
}
